
Microsoft Visual Studio Solution File, Format Version 12.00
# Visual Studio Version 17
VisualStudioVersion = 17.0.31903.59
MinimumVisualStudioVersion = 10.0.40219.1
Project("{FAE04EC0-301F-11D3-BF4B-00C04F79EFBC}") = "new", "new\new.csproj", "{F9301796-90C3-4D7F-BCCB-5660FF0A5EBA}"
EndProject
Global
	GlobalSection(SolutionConfigurationPlatforms) = preSolution
		Debug|Any CPU = Debug|Any CPU
		Release|Any CPU = Release|Any CPU
	EndGlobalSection
	GlobalSection(ProjectConfigurationPlatforms) = postSolution
		{F9301796-90C3-4D7F-BCCB-5660FF0A5EBA}.Debug|Any CPU.ActiveCfg = Debug|Any CPU
		{F9301796-90C3-4D7F-BCCB-5660FF0A5EBA}.Debug|Any CPU.Build.0 = Debug|Any CPU
		{F9301796-90C3-4D7F-BCCB-5660FF0A5EBA}.Release|Any CPU.ActiveCfg = Release|Any CPU
		{F9301796-90C3-4D7F-BCCB-5660FF0A5EBA}.Release|Any CPU.Build.0 = Release|Any CPU
	EndGlobalSection
	GlobalSection(SolutionProperties) = preSolution
		HideSolutionNode = FALSE
	EndGlobalSection
	GlobalSection(ExtensibilityGlobals) = postSolution
		SolutionGuid = {09790E40-EC9F-49C0-B604-9A2567C2E774}
	EndGlobalSection
EndGlobal
